
Microsoft Visual Studio Solution File, Format Version 12.00
# Visual Studio Version 16
VisualStudioVersion = 16.0.30804.86
MinimumVisualStudioVersion = 10.0.40219.1
Project("{FAE04EC0-301F-11D3-BF4B-00C04F79EFBC}") = "PlayVideo", "PlayVideo\PlayVideo.csproj", "{4E40E0B1-3B63-4122-90BA-95369C9A2B8A}"
EndProject
Global
	GlobalSection(SolutionConfigurationPlatforms) = preSolution
		Debug|Any CPU = Debug|Any CPU
		Release|Any CPU = Release|Any CPU
	EndGlobalSection
	GlobalSection(ProjectConfigurationPlatforms) = postSolution
		{4E40E0B1-3B63-4122-90BA-95369C9A2B8A}.Debug|Any CPU.ActiveCfg = Debug|Any CPU
		{4E40E0B1-3B63-4122-90BA-95369C9A2B8A}.Debug|Any CPU.Build.0 = Debug|Any CPU
		{4E40E0B1-3B63-4122-90BA-95369C9A2B8A}.Release|Any CPU.ActiveCfg = Release|Any CPU
		{4E40E0B1-3B63-4122-90BA-95369C9A2B8A}.Release|Any CPU.Build.0 = Release|Any CPU
	EndGlobalSection
	GlobalSection(SolutionProperties) = preSolution
		HideSolutionNode = FALSE
	EndGlobalSection
	GlobalSection(ExtensibilityGlobals) = postSolution
		SolutionGuid = {F9E3121D-394E-4D8E-A7E6-1A1254ED5740}
	EndGlobalSection
EndGlobal
