
Microsoft Visual Studio Solution File, Format Version 12.00
# Visual Studio Version 16
VisualStudioVersion = 16.0.30804.86
MinimumVisualStudioVersion = 10.0.40219.1
Project("{FAE04EC0-301F-11D3-BF4B-00C04F79EFBC}") = "EmployeeManagement", "EmployeeManagement\EmployeeManagement.csproj", "{4360D90D-2354-496C-B9FF-1C855E51DAED}"
EndProject
Global
	GlobalSection(SolutionConfigurationPlatforms) = preSolution
		Debug|Any CPU = Debug|Any CPU
		Release|Any CPU = Release|Any CPU
	EndGlobalSection
	GlobalSection(ProjectConfigurationPlatforms) = postSolution
		{4360D90D-2354-496C-B9FF-1C855E51DAED}.Debug|Any CPU.ActiveCfg = Debug|Any CPU
		{4360D90D-2354-496C-B9FF-1C855E51DAED}.Debug|Any CPU.Build.0 = Debug|Any CPU
		{4360D90D-2354-496C-B9FF-1C855E51DAED}.Release|Any CPU.ActiveCfg = Release|Any CPU
		{4360D90D-2354-496C-B9FF-1C855E51DAED}.Release|Any CPU.Build.0 = Release|Any CPU
	EndGlobalSection
	GlobalSection(SolutionProperties) = preSolution
		HideSolutionNode = FALSE
	EndGlobalSection
	GlobalSection(ExtensibilityGlobals) = postSolution
		SolutionGuid = {E62EF01F-F716-4CB5-BFC9-FD439118512E}
	EndGlobalSection
EndGlobal
